{
  "version": 4,
  "terraform_version": "1.15.2",
  "serial": 5,
  "lineage": "f6753da9-91e7-7213-aaf2-1a806d64df93",
  "outputs": {
    "dashboard_url": {
      "value": "http://35.221.39.188:8001",
      "type": "string"
    },
    "ssh_command": {
      "value": "gcloud compute ssh altavela --zone=us-east4-a",
      "type": "string"
    }
  },
  "resources": [
    {
      "mode": "managed",
      "type": "google_compute_address",
      "name": "altavela_ip",
      "provider": "provider[\"registry.terraform.io/hashicorp/google\"]",
      "instances": [
        {
          "schema_version": 0,
          "attributes": {
            "address": "35.221.39.188",
            "address_id": "7396073088498753835",
            "address_type": "EXTERNAL",
            "creation_timestamp": "2026-07-26T21:34:12.200-07:00",
            "deletion_policy": "DELETE",
            "description": "",
            "effective_labels": {
              "goog-terraform-provisioned": "true"
            },
            "id": "projects/altavela-research/regions/us-east4/addresses/altavela-ip",
            "ip_collection": "",
            "ip_version": "",
            "ipv6_endpoint_type": "",
            "label_fingerprint": "vezUS-42LLM=",
            "labels": null,
            "name": "altavela-ip",
            "network": "",
            "network_tier": "PREMIUM",
            "prefix_length": 0,
            "project": "altavela-research",
            "purpose": "",
            "region": "us-east4",
            "self_link": "https://www.googleapis.com/compute/v1/projects/altavela-research/regions/us-east4/addresses/altavela-ip",
            "subnetwork": "",
            "terraform_labels": {
              "goog-terraform-provisioned": "true"
            },
            "timeouts": null,
            "users": []
          },
          "sensitive_attributes": [],
          "identity_schema_version": 1,
          "identity": {
            "name": "altavela-ip",
            "project": "altavela-research",
            "region": "us-east4"
          },
          "private": "eyJlMmJmYjczMC1lY2FhLTExZTYtOGY4OC0zNDM2M2JjN2M0YzAiOnsiY3JlYXRlIjoxMjAwMDAwMDAwMDAwLCJkZWxldGUiOjEyMDAwMDAwMDAwMDAsInVwZGF0ZSI6MTIwMDAwMDAwMDAwMH19"
        }
      ]
    },
    {
      "mode": "managed",
      "type": "google_compute_disk",
      "name": "altavela_data",
      "provider": "provider[\"registry.terraform.io/hashicorp/google\"]",
      "instances": [
        {
          "schema_version": 0,
          "attributes": {
            "access_mode": "",
            "architecture": null,
            "async_primary_disk": [],
            "create_snapshot_before_destroy": false,
            "create_snapshot_before_destroy_prefix": null,
            "creation_timestamp": "2026-07-26T21:34:11.058-07:00",
            "deletion_policy": "DELETE",
            "description": "",
            "disk_encryption_key": [],
            "disk_id": "8550436456576540973",
            "effective_labels": {
              "goog-terraform-provisioned": "true"
            },
            "enable_confidential_compute": false,
            "guest_os_features": [],
            "id": "projects/altavela-research/zones/us-east4-a/disks/altavela-data",
            "image": "",
            "label_fingerprint": "vezUS-42LLM=",
            "labels": null,
            "last_attach_timestamp": "",
            "last_detach_timestamp": "",
            "licenses": [],
            "name": "altavela-data",
            "params": [],
            "physical_block_size_bytes": 4096,
            "project": "altavela-research",
            "provisioned_iops": 0,
            "provisioned_throughput": 0,
            "self_link": "https://www.googleapis.com/compute/v1/projects/altavela-research/zones/us-east4-a/disks/altavela-data",
            "size": 20,
            "snapshot": "",
            "source_disk": "",
            "source_disk_id": "",
            "source_image_encryption_key": [],
            "source_image_id": "",
            "source_instant_snapshot": "",
            "source_instant_snapshot_id": "",
            "source_snapshot_encryption_key": [],
            "source_snapshot_id": "",
            "source_storage_object": null,
            "storage_pool": "",
            "terraform_labels": {
              "goog-terraform-provisioned": "true"
            },
            "timeouts": null,
            "type": "pd-standard",
            "users": [],
            "zone": "us-east4-a"
          },
          "sensitive_attributes": [],
          "identity_schema_version": 1,
          "identity": {
            "name": "altavela-data",
            "project": "altavela-research",
            "zone": "us-east4-a"
          },
          "private": "eyJlMmJmYjczMC1lY2FhLTExZTYtOGY4OC0zNDM2M2JjN2M0YzAiOnsiY3JlYXRlIjoxMjAwMDAwMDAwMDAwLCJkZWxldGUiOjEyMDAwMDAwMDAwMDAsInVwZGF0ZSI6MTIwMDAwMDAwMDAwMH19"
        }
      ]
    },
    {
      "mode": "managed",
      "type": "google_compute_firewall",
      "name": "altavela",
      "provider": "provider[\"registry.terraform.io/hashicorp/google\"]",
      "instances": [
        {
          "schema_version": 1,
          "attributes": {
            "allow": [
              {
                "ports": [
                  "8001"
                ],
                "protocol": "tcp"
              }
            ],
            "creation_timestamp": "2026-07-26T21:34:10.786-07:00",
            "deletion_policy": "DELETE",
            "deny": [],
            "description": "",
            "destination_ranges": [],
            "direction": "INGRESS",
            "disabled": false,
            "enable_logging": null,
            "id": "projects/altavela-research/global/firewalls/altavela-dashboard",
            "log_config": [],
            "name": "altavela-dashboard",
            "network": "https://www.googleapis.com/compute/v1/projects/altavela-research/global/networks/default",
            "params": [],
            "priority": 1000,
            "project": "altavela-research",
            "self_link": "https://www.googleapis.com/compute/v1/projects/altavela-research/global/firewalls/altavela-dashboard",
            "source_ranges": [
              "0.0.0.0/0"
            ],
            "source_service_accounts": null,
            "source_tags": null,
            "target_service_accounts": null,
            "target_tags": [
              "altavela"
            ],
            "timeouts": null
          },
          "sensitive_attributes": [],
          "identity_schema_version": 1,
          "identity": {
            "name": "altavela-dashboard",
            "project": "altavela-research"
          },
          "private": "eyJlMmJmYjczMC1lY2FhLTExZTYtOGY4OC0zNDM2M2JjN2M0YzAiOnsiY3JlYXRlIjoxMjAwMDAwMDAwMDAwLCJkZWxldGUiOjEyMDAwMDAwMDAwMDAsInVwZGF0ZSI6MTIwMDAwMDAwMDAwMH0sInNjaGVtYV92ZXJzaW9uIjoiMSJ9"
        }
      ]
    },
    {
      "mode": "managed",
      "type": "google_compute_instance",
      "name": "altavela",
      "provider": "provider[\"registry.terraform.io/hashicorp/google\"]",
      "instances": [
        {
          "schema_version": 6,
          "attributes": {
            "advanced_machine_features": [],
            "allow_stopping_for_update": null,
            "attached_disk": [
              {
                "device_name": "altavela-data",
                "disk_encryption_key_raw": "",
                "disk_encryption_key_rsa": "",
                "disk_encryption_key_sha256": "",
                "disk_encryption_service_account": "",
                "force_attach": false,
                "kms_key_self_link": "",
                "mode": "READ_WRITE",
                "source": "https://www.googleapis.com/compute/v1/projects/altavela-research/zones/us-east4-a/disks/altavela-data"
              }
            ],
            "boot_disk": [
              {
                "auto_delete": true,
                "device_name": "persistent-disk-0",
                "disk_encryption_key_raw": "",
                "disk_encryption_key_rsa": "",
                "disk_encryption_key_sha256": "",
                "disk_encryption_service_account": "",
                "force_attach": false,
                "guest_os_features": [
                  "VIRTIO_SCSI_MULTIQUEUE",
                  "SEV_CAPABLE",
                  "SEV_SNP_CAPABLE",
                  "SEV_LIVE_MIGRATABLE",
                  "SEV_LIVE_MIGRATABLE_V2",
                  "IDPF",
                  "TDX_CAPABLE",
                  "UEFI_COMPATIBLE",
                  "GVNIC"
                ],
                "initialize_params": [
                  {
                    "architecture": "X86_64",
                    "enable_confidential_compute": false,
                    "image": "https://www.googleapis.com/compute/v1/projects/ubuntu-os-cloud/global/images/ubuntu-2204-jammy-v20260724",
                    "labels": {},
                    "provisioned_iops": 0,
                    "provisioned_throughput": 0,
                    "replica_zones": null,
                    "resource_manager_tags": null,
                    "resource_policies": [],
                    "size": 20,
                    "snapshot": "",
                    "source_image_encryption_key": [],
                    "source_snapshot_encryption_key": [],
                    "storage_pool": "",
                    "type": "pd-standard"
                  }
                ],
                "interface": "",
                "kms_key_self_link": "",
                "mode": "READ_WRITE",
                "source": "https://www.googleapis.com/compute/v1/projects/altavela-research/zones/us-east4-a/disks/altavela"
              }
            ],
            "can_ip_forward": false,
            "confidential_instance_config": null,
            "cpu_platform": "Intel Broadwell",
            "creation_timestamp": "2026-07-26T21:34:25.414-07:00",
            "current_status": "RUNNING",
            "deletion_policy": "DELETE",
            "deletion_protection": false,
            "description": "",
            "desired_status": null,
            "effective_labels": {
              "goog-terraform-provisioned": "true"
            },
            "enable_display": false,
            "guest_accelerator": [],
            "hostname": "",
            "id": "projects/altavela-research/zones/us-east4-a/instances/altavela",
            "instance_encryption_key": [],
            "instance_id": "677748419322405182",
            "key_revocation_action_type": "",
            "label_fingerprint": "vezUS-42LLM=",
            "labels": null,
            "machine_type": "e2-small",
            "metadata": null,
            "metadata_fingerprint": "Hn9ax7NVBl4=",
            "metadata_startup_script": "#!/bin/bash\nset -euo pipefail\n\n# ---------------------------------------------------------------------------\n# Altavela GCP startup script\n# ---------------------------------------------------------------------------\n\n# Mount persistent disk\nif ! mountpoint -q /opt/altavela-data 2\u003e/dev/null; then\n  mkdir -p /opt/altavela-data\n  mkfs.ext4 -F /dev/disk/by-id/google-altavela-data 2\u003e/dev/null || true\n  mount -o discard,defaults /dev/disk/by-id/google-altavela-data /opt/altavela-data\n  echo '/dev/disk/by-id/google-altavela-data /opt/altavela-data ext4 discard,defaults 0 2' \u003e\u003e /etc/fstab\nfi\nmkdir -p /opt/altavela-data\n\n# Install deps\nexport DEBIAN_FRONTEND=noninteractive\napt-get update -qq\napt-get install -y -qq python3 python3-pip python3-venv git\n\n# Clone / pull\nREPO_DIR=/opt/alphadesk\nif [ -d \"$REPO_DIR/.git\" ]; then\n  cd \"$REPO_DIR\" \u0026\u0026 git pull origin main\nelse\n  git clone https://github.com/vigneshv1cky/AlphaDesk.git \"$REPO_DIR\"\nfi\n\n# Write .env\ncat \u003e \"$REPO_DIR/altavela.env\" \u003c\u003cEOF\nMODEL_PROVIDER=deepseek\nDEEPSEEK_API_KEY=sk-d3588670fe374b5da7f81bd385f99210\nDEEPSEEK_MODEL_SONNET=deepseek-v4-flash\nDEEPSEEK_MODEL_HAIKU=deepseek-v4-flash\nDEEPSEEK_MODEL_OPUS=deepseek-v4-pro\nALTAVELA_DATA=/opt/altavela-data\nADMIN_USERNAME=vignesh\nADMIN_PASSWORD=Vignesh94485@\nDASHBOARD_HOST=0.0.0.0\nDASHBOARD_PORT=8001\nAUTORUN_START_ET=00:00\nAUTORUN_END_ET=23:59\nEOF\n\n# Install Python deps\ncd \"$REPO_DIR\"\npip install -r requirements.txt\n\n# Systemd unit\ncat \u003e /etc/systemd/system/altavela.service \u003c\u003c'UNIT'\n[Unit]\nDescription=Altavela prediction-market engine\nAfter=network-online.target\nWants=network-online.target\n\n[Service]\nType=simple\nWorkingDirectory=/opt/alphadesk\nEnvironment=ALTAVELA_ENV=/opt/alphadesk/altavela.env\nExecStart=/usr/bin/python3 -m altavela.main dashboard\nRestart=always\nRestartSec=30\nStandardOutput=journal\nStandardError=journal\n\n[Install]\nWantedBy=multi-user.target\nUNIT\n\nsystemctl daemon-reload\nsystemctl enable altavela\nsystemctl restart altavela\n\necho \"Altavela startup complete — dashboard at http://35.221.39.188:8001\"\n",
            "min_cpu_platform": "",
            "name": "altavela",
            "network_interface": [
              {
                "access_config": [
                  {
                    "nat_ip": "35.221.39.188",
                    "network_tier": "PREMIUM",
                    "public_ptr_domain_name": ""
                  }
                ],
                "alias_ip_range": [],
                "igmp_query": "",
                "internal_ipv6_prefix_length": 0,
                "ipv6_access_config": [],
                "ipv6_access_type": "",
                "ipv6_address": "",
                "name": "nic0",
                "network": "https://www.googleapis.com/compute/v1/projects/altavela-research/global/networks/default",
                "network_attachment": "",
                "network_ip": "10.150.0.2",
                "nic_type": "",
                "parent_nic_name": "",
                "queue_count": 0,
                "stack_type": "IPV4_ONLY",
                "subnetwork": "https://www.googleapis.com/compute/v1/projects/altavela-research/regions/us-east4/subnetworks/default",
                "subnetwork_project": "altavela-research",
                "vlan": 0
              }
            ],
            "network_performance_config": [],
            "params": [],
            "project": "altavela-research",
            "reservation_affinity": [],
            "resource_policies": null,
            "scheduling": [
              {
                "automatic_restart": true,
                "availability_domain": 0,
                "instance_termination_action": "",
                "local_ssd_recovery_timeout": [],
                "max_run_duration": [],
                "min_node_cpus": 0,
                "node_affinities": [],
                "on_host_maintenance": "MIGRATE",
                "on_instance_stop_action": [],
                "preemptible": false,
                "provisioning_model": "STANDARD",
                "termination_time": ""
              }
            ],
            "scratch_disk": [],
            "self_link": "https://www.googleapis.com/compute/v1/projects/altavela-research/zones/us-east4-a/instances/altavela",
            "service_account": [
              {
                "email": "508174445385-compute@developer.gserviceaccount.com",
                "scopes": [
                  "https://www.googleapis.com/auth/cloud-platform"
                ]
              }
            ],
            "shielded_instance_config": [
              {
                "enable_integrity_monitoring": true,
                "enable_secure_boot": false,
                "enable_vtpm": true
              }
            ],
            "tags": [
              "altavela"
            ],
            "tags_fingerprint": "71GznCULF9Q=",
            "terraform_labels": {
              "goog-terraform-provisioned": "true"
            },
            "timeouts": null,
            "workload_identity_config": [],
            "zone": "us-east4-a"
          },
          "sensitive_attributes": [
            [
              {
                "type": "get_attr",
                "value": "attached_disk"
              },
              {
                "type": "index",
                "value": {
                  "value": 0,
                  "type": "number"
                }
              },
              {
                "type": "get_attr",
                "value": "disk_encryption_key_raw"
              }
            ],
            [
              {
                "type": "get_attr",
                "value": "attached_disk"
              },
              {
                "type": "index",
                "value": {
                  "value": 0,
                  "type": "number"
                }
              },
              {
                "type": "get_attr",
                "value": "disk_encryption_key_rsa"
              }
            ],
            [
              {
                "type": "get_attr",
                "value": "boot_disk"
              },
              {
                "type": "index",
                "value": {
                  "value": 0,
                  "type": "number"
                }
              },
              {
                "type": "get_attr",
                "value": "disk_encryption_key_raw"
              }
            ],
            [
              {
                "type": "get_attr",
                "value": "boot_disk"
              },
              {
                "type": "index",
                "value": {
                  "value": 0,
                  "type": "number"
                }
              },
              {
                "type": "get_attr",
                "value": "disk_encryption_key_rsa"
              }
            ],
            [
              {
                "type": "get_attr",
                "value": "metadata_startup_script"
              }
            ]
          ],
          "identity_schema_version": 0,
          "private": "eyJlMmJmYjczMC1lY2FhLTExZTYtOGY4OC0zNDM2M2JjN2M0YzAiOnsiY3JlYXRlIjoxMjAwMDAwMDAwMDAwLCJkZWxldGUiOjEyMDAwMDAwMDAwMDAsInVwZGF0ZSI6MTIwMDAwMDAwMDAwMH0sInNjaGVtYV92ZXJzaW9uIjoiNiJ9",
          "dependencies": [
            "google_compute_address.altavela_ip",
            "google_compute_disk.altavela_data"
          ]
        }
      ]
    }
  ],
  "check_results": null
}
